<Solution>
  <Folder Name="/src/">
    <Project Path="src/AppHost/AppHost.csproj" />
  </Folder>
  <Folder Name="/src/Services/">
    <Project Path="src/Services/ServiceDefaults/ServiceDefaults.csproj" />
  </Folder>
  <Folder Name="/src/Services/OrderService/">
    <Project Path="src/Services/OrderService/OrderService.API/OrderService.API.csproj" />
    <Project Path="src/Services/OrderService/OrderService.Application/OrderService.Application.csproj" />
    <Project Path="src/Services/OrderService/OrderService.Domain/OrderService.Domain.csproj" />
    <Project Path="src/Services/OrderService/OrderService.Infrastructure/OrderService.Infrastructure.csproj" />
  </Folder>
  <Folder Name="/src/Services/ProductService/">
    <Project Path="src/Services/ProductService/ProductService.API/ProductService.API.csproj" />
    <Project Path="src/Services/ProductService/ProductService.Application/ProductService.Application.csproj" />
    <Project Path="src/Services/ProductService/ProductService.Domain/ProductService.Domain.csproj" />
    <Project Path="src/Services/ProductService/ProductService.Infrastructure/ProductService.Infrastructure.csproj" />
  </Folder>
  <Folder Name="/src/Services/RecommendationService/">
    <Project Path="src/Services/RecommendationService/RecommendationService.API/RecommendationService.API.csproj" />
    <Project Path="src/Services/RecommendationService/RecommendationService.Application/RecommendationService.Application.csproj" />
    <Project Path="src/Services/RecommendationService/RecommendationService.Infrastructure/RecommendationService.Infrastructure.csproj" />
  </Folder>
  <Folder Name="/src/Shared/">
    <Project Path="src/Shared/Shared.BuildingBlocks/Shared.BuildingBlocks.csproj" />
    <Project Path="src/Shared/Shared.Contracts/Shared.Contracts.csproj" />
  </Folder>
  <Folder Name="/tests/">
    <Project Path="tests/IntegrationTests/IntegrationTests.csproj" />
    <Project Path="tests/OrderService.UnitTests/OrderService.UnitTests.csproj" />
    <Project Path="tests/ProductService.UnitTests/ProductService.UnitTests.csproj" />
  </Folder>
</Solution>
